// !$*UTF8*$!
{
	archiveVersion = 1;
	classes = {
	};
	objectVersion = 46;
	objects = {

/* Begin PBXBuildFile section */
		A655427616F01D9400BA9659 /* HPDT_HomeViewController.m in Sources */ = {isa = PBXBuildFile; fileRef = A655427416F01D9400BA9659 /* HPDT_HomeViewController.m */; };
		A655427716F01D9400BA9659 /* HPDT_HomeViewController.xib in Resources */ = {isa = PBXBuildFile; fileRef = A655427516F01D9400BA9659 /* HPDT_HomeViewController.xib */; };
		A655427B16F01DE500BA9659 /* HPDT_RegisterViewController.m in Sources */ = {isa = PBXBuildFile; fileRef = A655427916F01DE500BA9659 /* HPDT_RegisterViewController.m */; };
		A655427C16F01DE500BA9659 /* HPDT_RegisterViewController.xib in Resources */ = {isa = PBXBuildFile; fileRef = A655427A16F01DE500BA9659 /* HPDT_RegisterViewController.xib */; };
		A655428016F01E1D00BA9659 /* HPDT_ProfileViewController.m in Sources */ = {isa = PBXBuildFile; fileRef = A655427E16F01E1D00BA9659 /* HPDT_ProfileViewController.m */; };
		A655428116F01E1D00BA9659 /* HPDT_ProfileViewController.xib in Resources */ = {isa = PBXBuildFile; fileRef = A655427F16F01E1D00BA9659 /* HPDT_ProfileViewController.xib */; };
		A655428516F01E3B00BA9659 /* HPDT_BanksViewController.m in Sources */ = {isa = PBXBuildFile; fileRef = A655428316F01E3B00BA9659 /* HPDT_BanksViewController.m */; };
		A655428616F01E3B00BA9659 /* HPDT_BanksViewController.xib in Resources */ = {isa = PBXBuildFile; fileRef = A655428416F01E3B00BA9659 /* HPDT_BanksViewController.xib */; };
		A655428A16F01E5F00BA9659 /* HPDT_EditCardViewController.m in Sources */ = {isa = PBXBuildFile; fileRef = A655428816F01E5F00BA9659 /* HPDT_EditCardViewController.m */; };
		A655428B16F01E5F00BA9659 /* HPDT_EditCardViewController.xib in Resources */ = {isa = PBXBuildFile; fileRef = A655428916F01E5F00BA9659 /* HPDT_EditCardViewController.xib */; };
		A655428F16F01EED00BA9659 /* HPDT_AddCardViewController.m in Sources */ = {isa = PBXBuildFile; fileRef = A655428D16F01EED00BA9659 /* HPDT_AddCardViewController.m */; };
		A655429016F01EED00BA9659 /* HPDT_AddCardViewController.xib in Resources */ = {isa = PBXBuildFile; fileRef = A655428E16F01EED00BA9659 /* HPDT_AddCardViewController.xib */; };
		A65542A316F0200900BA9659 /* HPDT_TransactionViewController.m in Sources */ = {isa = PBXBuildFile; fileRef = A65542A116F0200800BA9659 /* HPDT_TransactionViewController.m */; };
		A65542A416F0200900BA9659 /* HPDT_TransactionViewController.xib in Resources */ = {isa = PBXBuildFile; fileRef = A65542A216F0200900BA9659 /* HPDT_TransactionViewController.xib */; };
		A65542A816F0202500BA9659 /* HPDT_WalletViewController.m in Sources */ = {isa = PBXBuildFile; fileRef = A65542A616F0202400BA9659 /* HPDT_WalletViewController.m */; };
		A65542A916F0202500BA9659 /* HPDT_WalletViewController.xib in Resources */ = {isa = PBXBuildFile; fileRef = A65542A716F0202500BA9659 /* HPDT_WalletViewController.xib */; };
		A69B795116F13B7200E9C1D5 /* HPDTCardTableViewCell.xib in Resources */ = {isa = PBXBuildFile; fileRef = A69B794F16F13B7200E9C1D5 /* HPDTCardTableViewCell.xib */; };
		A69B796316F1564200E9C1D5 /* user.png in Resources */ = {isa = PBXBuildFile; fileRef = A69B796216F1564200E9C1D5 /* user.png */; };
		A69B796516F156AF00E9C1D5 /* DebitActive.png in Resources */ = {isa = PBXBuildFile; fileRef = A69B796416F156AF00E9C1D5 /* DebitActive.png */; };
		A69B796A16F159F200E9C1D5 /* DebitDeactive.png in Resources */ = {isa = PBXBuildFile; fileRef = A69B796816F159F200E9C1D5 /* DebitDeactive.png */; };
		A69B796D16F15A1000E9C1D5 /* giftActive.png in Resources */ = {isa = PBXBuildFile; fileRef = A69B796C16F15A1000E9C1D5 /* giftActive.png */; };
		A69B796F16F15A4100E9C1D5 /* giftDeactive.png in Resources */ = {isa = PBXBuildFile; fileRef = A69B796E16F15A4100E9C1D5 /* giftDeactive.png */; };
		A69B797316F15AEA00E9C1D5 /* HPDTAddCardTableViewCell.m in Sources */ = {isa = PBXBuildFile; fileRef = A69B797116F15AEA00E9C1D5 /* HPDTAddCardTableViewCell.m */; };
		A69B797416F15AEA00E9C1D5 /* HPDTAddCardTableViewCell.xib in Resources */ = {isa = PBXBuildFile; fileRef = A69B797216F15AEA00E9C1D5 /* HPDTAddCardTableViewCell.xib */; };
		A69B797E16F1673E00E9C1D5 /* amex.png in Resources */ = {isa = PBXBuildFile; fileRef = A69B797A16F1673E00E9C1D5 /* amex.png */; };
		A69B797F16F1673E00E9C1D5 /* visa.png in Resources */ = {isa = PBXBuildFile; fileRef = A69B797B16F1673E00E9C1D5 /* visa.png */; };
		A69B798016F1673E00E9C1D5 /* masterCard.png in Resources */ = {isa = PBXBuildFile; fileRef = A69B797C16F1673E00E9C1D5 /* masterCard.png */; };
		A69B798116F1673E00E9C1D5 /* discover.png in Resources */ = {isa = PBXBuildFile; fileRef = A69B797D16F1673E00E9C1D5 /* discover.png */; };
		A69B798C16F191E300E9C1D5 /* backgroundTwo.png in Resources */ = {isa = PBXBuildFile; fileRef = A69B798A16F191E300E9C1D5 /* backgroundTwo.png */; };
		A69B798D16F191E300E9C1D5 /* backgroundOne.png in Resources */ = {isa = PBXBuildFile; fileRef = A69B798B16F191E300E9C1D5 /* backgroundOne.png */; };
		A69B799016F1944D00E9C1D5 /* logo.png in Resources */ = {isa = PBXBuildFile; fileRef = A69B798F16F1944D00E9C1D5 /* logo.png */; };
		F42ABEAF16EFF9DE00133E48 /* UIKit.framework in Frameworks */ = {isa = PBXBuildFile; fileRef = F42ABEAE16EFF9DE00133E48 /* UIKit.framework */; };
		F42ABEB116EFF9DE00133E48 /* Foundation.framework in Frameworks */ = {isa = PBXBuildFile; fileRef = F42ABEB016EFF9DE00133E48 /* Foundation.framework */; };
		F42ABEB316EFF9DE00133E48 /* CoreGraphics.framework in Frameworks */ = {isa = PBXBuildFile; fileRef = F42ABEB216EFF9DE00133E48 /* CoreGraphics.framework */; };
		F42ABEB516EFF9DE00133E48 /* CoreData.framework in Frameworks */ = {isa = PBXBuildFile; fileRef = F42ABEB416EFF9DE00133E48 /* CoreData.framework */; };
		F42ABEBB16EFF9DE00133E48 /* InfoPlist.strings in Resources */ = {isa = PBXBuildFile; fileRef = F42ABEB916EFF9DE00133E48 /* InfoPlist.strings */; };
		F42ABEBD16EFF9DE00133E48 /* main.m in Sources */ = {isa = PBXBuildFile; fileRef = F42ABEBC16EFF9DE00133E48 /* main.m */; };
		F42ABEC116EFF9DE00133E48 /* HPDTAppDelegate.m in Sources */ = {isa = PBXBuildFile; fileRef = F42ABEC016EFF9DE00133E48 /* HPDTAppDelegate.m */; };
		F42ABEC316EFF9DE00133E48 /* Default.png in Resources */ = {isa = PBXBuildFile; fileRef = F42ABEC216EFF9DE00133E48 /* Default.png */; };
		F42ABEC516EFF9DE00133E48 /* Default@2x.png in Resources */ = {isa = PBXBuildFile; fileRef = F42ABEC416EFF9DE00133E48 /* Default@2x.png */; };
		F42ABEC716EFF9DE00133E48 /* Default-568h@2x.png in Resources */ = {isa = PBXBuildFile; fileRef = F42ABEC616EFF9DE00133E48 /* Default-568h@2x.png */; };
		F42ABECA16EFF9DE00133E48 /* Simpler.xcdatamodeld in Sources */ = {isa = PBXBuildFile; fileRef = F42ABEC816EFF9DE00133E48 /* Simpler.xcdatamodeld */; };
		F42ABED216EFF9DE00133E48 /* SenTestingKit.framework in Frameworks */ = {isa = PBXBuildFile; fileRef = F42ABED116EFF9DE00133E48 /* SenTestingKit.framework */; };
		F42ABED316EFF9DE00133E48 /* UIKit.framework in Frameworks */ = {isa = PBXBuildFile; fileRef = F42ABEAE16EFF9DE00133E48 /* UIKit.framework */; };
		F42ABED416EFF9DE00133E48 /* Foundation.framework in Frameworks */ = {isa = PBXBuildFile; fileRef = F42ABEB016EFF9DE00133E48 /* Foundation.framework */; };
		F42ABED516EFF9DE00133E48 /* CoreData.framework in Frameworks */ = {isa = PBXBuildFile; fileRef = F42ABEB416EFF9DE00133E48 /* CoreData.framework */; };
		F42ABEDD16EFF9DE00133E48 /* InfoPlist.strings in Resources */ = {isa = PBXBuildFile; fileRef = F42ABEDB16EFF9DE00133E48 /* InfoPlist.strings */; };
		F42ABEE016EFF9DE00133E48 /* SimplerTests.m in Sources */ = {isa = PBXBuildFile; fileRef = F42ABEDF16EFF9DE00133E48 /* SimplerTests.m */; };
		F42ABEF016F00CD500133E48 /* QRScannerViewController.m in Sources */ = {isa = PBXBuildFile; fileRef = F42ABEEE16F00CD500133E48 /* QRScannerViewController.m */; };
		F42ABEF116F00CD500133E48 /* QRScannerViewController.xib in Resources */ = {isa = PBXBuildFile; fileRef = F42ABEEF16F00CD500133E48 /* QRScannerViewController.xib */; };
		F42ABEF516F00E0900133E48 /* AVFoundation.framework in Frameworks */ = {isa = PBXBuildFile; fileRef = F42ABEF416F00E0900133E48 /* AVFoundation.framework */; };
		F42ABEF716F00E1200133E48 /* CoreMedia.framework in Frameworks */ = {isa = PBXBuildFile; fileRef = F42ABEF616F00E1200133E48 /* CoreMedia.framework */; };
		F42ABEF916F00E1C00133E48 /* CoreVideo.framework in Frameworks */ = {isa = PBXBuildFile; fileRef = F42ABEF816F00E1C00133E48 /* CoreVideo.framework */; };
		F42ABEFB16F00E2100133E48 /* ImageIO.framework in Frameworks */ = {isa = PBXBuildFile; fileRef = F42ABEFA16F00E2000133E48 /* ImageIO.framework */; };
		F42ABEFD16F00E2800133E48 /* QuartzCore.framework in Frameworks */ = {isa = PBXBuildFile; fileRef = F42ABEFC16F00E2800133E48 /* QuartzCore.framework */; };
		F42ABF0116F0123900133E48 /* ZXingObjC.framework in Frameworks */ = {isa = PBXBuildFile; fileRef = F42ABF0016F0123900133E48 /* ZXingObjC.framework */; };
		F42ABF0416F012C500133E48 /* AudioToolbox.framework in Frameworks */ = {isa = PBXBuildFile; fileRef = F42ABF0216F0128300133E48 /* AudioToolbox.framework */; };
		F42ABF0C16F0183500133E48 /* HPDT_LoginViewController.m in Sources */ = {isa = PBXBuildFile; fileRef = F42ABF0A16F0183500133E48 /* HPDT_LoginViewController.m */; };
		F42ABF0D16F0183500133E48 /* HPDT_LoginViewController.xib in Resources */ = {isa = PBXBuildFile; fileRef = F42ABF0B16F0183500133E48 /* HPDT_LoginViewController.xib */; };
		F42ABF1316F021ED00133E48 /* AdSupport.framework in Frameworks */ = {isa = PBXBuildFile; fileRef = F42ABF1216F021ED00133E48 /* AdSupport.framework */; settings = {ATTRIBUTES = (Weak, ); }; };
		F42ABF1516F021F100133E48 /* Social.framework in Frameworks */ = {isa = PBXBuildFile; fileRef = F42ABF1416F021F100133E48 /* Social.framework */; settings = {ATTRIBUTES = (Weak, ); }; };
		F42ABF1716F021FD00133E48 /* Accounts.framework in Frameworks */ = {isa = PBXBuildFile; fileRef = F42ABF1616F021FD00133E48 /* Accounts.framework */; settings = {ATTRIBUTES = (Weak, ); }; };
		F42ABF1916F0242600133E48 /* FacebookSDKResources.bundle in Resources */ = {isa = PBXBuildFile; fileRef = F42ABF1816F0242600133E48 /* FacebookSDKResources.bundle */; };
		F42ABF2016F1399B00133E48 /* FacebookSDK.framework in Frameworks */ = {isa = PBXBuildFile; fileRef = F42ABF1016F01F6C00133E48 /* FacebookSDK.framework */; };
		F42ABF2716F13F8D00133E48 /* Card+HPDT.m in Sources */ = {isa = PBXBuildFile; fileRef = F42ABF2616F13F8D00133E48 /* Card+HPDT.m */; };
		F42ABF2B16F1402300133E48 /* HPDTUtil.m in Sources */ = {isa = PBXBuildFile; fileRef = F42ABF2A16F1402300133E48 /* HPDTUtil.m */; };
		F42ABF2F16F145D000133E48 /* HPDTCardTableViewCell.m in Sources */ = {isa = PBXBuildFile; fileRef = F42ABF2E16F145D000133E48 /* HPDTCardTableViewCell.m */; };
		F42ABF3216F1499100133E48 /* Login.m in Sources */ = {isa = PBXBuildFile; fileRef = F42ABF3116F1499100133E48 /* Login.m */; };
		F42ABF3516F151ED00133E48 /* HPDTCardsViewController.m in Sources */ = {isa = PBXBuildFile; fileRef = F42ABF3416F151EC00133E48 /* HPDTCardsViewController.m */; };
		F4BC87BB16F15F0200456B18 /* JSLockScreenViewController.m in Sources */ = {isa = PBXBuildFile; fileRef = F4BC87BA16F15F0200456B18 /* JSLockScreenViewController.m */; settings = {COMPILER_FLAGS = "-fno-objc-arc"; }; };
		F4BC87BE16F15F0C00456B18 /* HPDTLockScreenViewController.m in Sources */ = {isa = PBXBuildFile; fileRef = F4BC87BD16F15F0C00456B18 /* HPDTLockScreenViewController.m */; };
		F4BC87C916F15FE500456B18 /* lock_background.png in Resources */ = {isa = PBXBuildFile; fileRef = F4BC87C116F15FE500456B18 /* lock_background.png */; };
		F4BC87CA16F15FE500456B18 /* lock_background@2x.png in Resources */ = {isa = PBXBuildFile; fileRef = F4BC87C216F15FE500456B18 /* lock_background@2x.png */; };
		F4BC87CB16F15FE500456B18 /* passcodeFieldBackground.png in Resources */ = {isa = PBXBuildFile; fileRef = F4BC87C316F15FE500456B18 /* passcodeFieldBackground.png */; };
		F4BC87CC16F15FE500456B18 /* passcodeFieldBackground@2x.png in Resources */ = {isa = PBXBuildFile; fileRef = F4BC87C416F15FE500456B18 /* passcodeFieldBackground@2x.png */; };
		F4BC87CD16F15FE500456B18 /* passcodeTopBackground.png in Resources */ = {isa = PBXBuildFile; fileRef = F4BC87C516F15FE500456B18 /* passcodeTopBackground.png */; };
		F4BC87CE16F15FE500456B18 /* passcodeTopBackground@2x.png in Resources */ = {isa = PBXBuildFile; fileRef = F4BC87C616F15FE500456B18 /* passcodeTopBackground@2x.png */; };
		F4BC87CF16F15FE500456B18 /* passcodeTopBackground_red.png in Resources */ = {isa = PBXBuildFile; fileRef = F4BC87C716F15FE500456B18 /* passcodeTopBackground_red.png */; };
		F4BC87D016F15FE500456B18 /* passcodeTopBackground_red@2x.png in Resources */ = {isa = PBXBuildFile; fileRef = F4BC87C816F15FE500456B18 /* passcodeTopBackground_red@2x.png */; };
		F4BC87D216F15FF900456B18 /* HPDTLockScreenViewController.xib in Resources */ = {isa = PBXBuildFile; fileRef = F4BC87D116F15FF900456B18 /* HPDTLockScreenViewController.xib */; };
		F4BC87D516F1647800456B18 /* HPDTViewController.m in Sources */ = {isa = PBXBuildFile; fileRef = F4BC87D416F1647800456B18 /* HPDTViewController.m */; };
		F4BC87D916F185C700456B18 /* Card.m in Sources */ = {isa = PBXBuildFile; fileRef = F4BC87D816F185C700456B18 /* Card.m */; };
		F4BC87E216F186E100456B18 /* User+HPDT.m in Sources */ = {isa = PBXBuildFile; fileRef = F4BC87E116F186E100456B18 /* User+HPDT.m */; };
		F4BC87E916F18E4100456B18 /* User.m in Sources */ = {isa = PBXBuildFile; fileRef = F4BC87E816F18E4100456B18 /* User.m */; };
		F4BC87ED16F19E6800456B18 /* HPDTPasscodeEntryViewController.m in Sources */ = {isa = PBXBuildFile; fileRef = F4BC87EB16F19E6500456B18 /* HPDTPasscodeEntryViewController.m */; };
		F4BC87EE16F19E6800456B18 /* HPDTPasscodeEntryViewController.xib in Resources */ = {isa = PBXBuildFile; fileRef = F4BC87EC16F19E6600456B18 /* HPDTPasscodeEntryViewController.xib */; };
/* End PBXBuildFile section */

/* Begin PBXContainerItemProxy section */
		F42ABED616EFF9DE00133E48 /* PBXContainerItemProxy */ = {
			isa = PBXContainerItemProxy;
			containerPortal = F42ABEA316EFF9DE00133E48 /* Project object */;
			proxyType = 1;
			remoteGlobalIDString = F42ABEAA16EFF9DE00133E48;
			remoteInfo = Simpler;
		};
/* End PBXContainerItemProxy section */

/* Begin PBXFileReference section */
		A655427316F01D9400BA9659 /* HPDT_HomeViewController.h */ = {isa = PBXFileReference; fileEncoding = 4; lastKnownFileType = sourcecode.c.h; path = HPDT_HomeViewController.h; sourceTree = "<group>"; };
		A655427416F01D9400BA9659 /* HPDT_HomeViewController.m */ = {isa = PBXFileReference; fileEncoding = 4; lastKnownFileType = sourcecode.c.objc; path = HPDT_HomeViewController.m; sourceTree = "<group>"; };
		A655427516F01D9400BA9659 /* HPDT_HomeViewController.xib */ = {isa = PBXFileReference; fileEncoding = 4; lastKnownFileType = file.xib; path = HPDT_HomeViewController.xib; sourceTree = "<group>"; };
		A655427816F01DE500BA9659 /* HPDT_RegisterViewController.h */ = {isa = PBXFileReference; fileEncoding = 4; lastKnownFileType = sourcecode.c.h; path = HPDT_RegisterViewController.h; sourceTree = "<group>"; };
		A655427916F01DE500BA9659 /* HPDT_RegisterViewController.m */ = {isa = PBXFileReference; fileEncoding = 4; lastKnownFileType = sourcecode.c.objc; path = HPDT_RegisterViewController.m; sourceTree = "<group>"; };
		A655427A16F01DE500BA9659 /* HPDT_RegisterViewController.xib */ = {isa = PBXFileReference; fileEncoding = 4; lastKnownFileType = file.xib; path = HPDT_RegisterViewController.xib; sourceTree = "<group>"; };
		A655427D16F01E1D00BA9659 /* HPDT_ProfileViewController.h */ = {isa = PBXFileReference; fileEncoding = 4; lastKnownFileType = sourcecode.c.h; path = HPDT_ProfileViewController.h; sourceTree = "<group>"; };
		A655427E16F01E1D00BA9659 /* HPDT_ProfileViewController.m */ = {isa = PBXFileReference; fileEncoding = 4; lastKnownFileType = sourcecode.c.objc; path = HPDT_ProfileViewController.m; sourceTree = "<group>"; };
		A655427F16F01E1D00BA9659 /* HPDT_ProfileViewController.xib */ = {isa = PBXFileReference; fileEncoding = 4; lastKnownFileType = file.xib; path = HPDT_ProfileViewController.xib; sourceTree = "<group>"; };
		A655428216F01E3B00BA9659 /* HPDT_BanksViewController.h */ = {isa = PBXFileReference; fileEncoding = 4; lastKnownFileType = sourcecode.c.h; path = HPDT_BanksViewController.h; sourceTree = "<group>"; };
		A655428316F01E3B00BA9659 /* HPDT_BanksViewController.m */ = {isa = PBXFileReference; fileEncoding = 4; lastKnownFileType = sourcecode.c.objc; path = HPDT_BanksViewController.m; sourceTree = "<group>"; };
		A655428416F01E3B00BA9659 /* HPDT_BanksViewController.xib */ = {isa = PBXFileReference; fileEncoding = 4; lastKnownFileType = file.xib; path = HPDT_BanksViewController.xib; sourceTree = "<group>"; };
		A655428716F01E5F00BA9659 /* HPDT_EditCardViewController.h */ = {isa = PBXFileReference; fileEncoding = 4; lastKnownFileType = sourcecode.c.h; path = HPDT_EditCardViewController.h; sourceTree = "<group>"; };
		A655428816F01E5F00BA9659 /* HPDT_EditCardViewController.m */ = {isa = PBXFileReference; fileEncoding = 4; lastKnownFileType = sourcecode.c.objc; path = HPDT_EditCardViewController.m; sourceTree = "<group>"; };
		A655428916F01E5F00BA9659 /* HPDT_EditCardViewController.xib */ = {isa = PBXFileReference; fileEncoding = 4; lastKnownFileType = file.xib; path = HPDT_EditCardViewController.xib; sourceTree = "<group>"; };
		A655428C16F01EEC00BA9659 /* HPDT_AddCardViewController.h */ = {isa = PBXFileReference; fileEncoding = 4; lastKnownFileType = sourcecode.c.h; path = HPDT_AddCardViewController.h; sourceTree = "<group>"; };
		A655428D16F01EED00BA9659 /* HPDT_AddCardViewController.m */ = {isa = PBXFileReference; fileEncoding = 4; lastKnownFileType = sourcecode.c.objc; path = HPDT_AddCardViewController.m; sourceTree = "<group>"; };
		A655428E16F01EED00BA9659 /* HPDT_AddCardViewController.xib */ = {isa = PBXFileReference; fileEncoding = 4; lastKnownFileType = file.xib; path = HPDT_AddCardViewController.xib; sourceTree = "<group>"; };
		A65542A016F0200800BA9659 /* HPDT_TransactionViewController.h */ = {isa = PBXFileReference; fileEncoding = 4; lastKnownFileType = sourcecode.c.h; path = HPDT_TransactionViewController.h; sourceTree = "<group>"; };
		A65542A116F0200800BA9659 /* HPDT_TransactionViewController.m */ = {isa = PBXFileReference; fileEncoding = 4; lastKnownFileType = sourcecode.c.objc; path = HPDT_TransactionViewController.m; sourceTree = "<group>"; };
		A65542A216F0200900BA9659 /* HPDT_TransactionViewController.xib */ = {isa = PBXFileReference; fileEncoding = 4; lastKnownFileType = file.xib; path = HPDT_TransactionViewController.xib; sourceTree = "<group>"; };
		A65542A516F0202400BA9659 /* HPDT_WalletViewController.h */ = {isa = PBXFileReference; fileEncoding = 4; lastKnownFileType = sourcecode.c.h; path = HPDT_WalletViewController.h; sourceTree = "<group>"; };
		A65542A616F0202400BA9659 /* HPDT_WalletViewController.m */ = {isa = PBXFileReference; fileEncoding = 4; lastKnownFileType = sourcecode.c.objc; path = HPDT_WalletViewController.m; sourceTree = "<group>"; };
		A65542A716F0202500BA9659 /* HPDT_WalletViewController.xib */ = {isa = PBXFileReference; fileEncoding = 4; lastKnownFileType = file.xib; path = HPDT_WalletViewController.xib; sourceTree = "<group>"; };
		A69B794F16F13B7200E9C1D5 /* HPDTCardTableViewCell.xib */ = {isa = PBXFileReference; fileEncoding = 4; lastKnownFileType = file.xib; path = HPDTCardTableViewCell.xib; sourceTree = "<group>"; };
		A69B796216F1564200E9C1D5 /* user.png */ = {isa = PBXFileReference; lastKnownFileType = image.png; name = user.png; path = Graphics/user.png; sourceTree = "<group>"; };
		A69B796416F156AF00E9C1D5 /* DebitActive.png */ = {isa = PBXFileReference; lastKnownFileType = image.png; name = DebitActive.png; path = Graphics/DebitActive.png; sourceTree = "<group>"; };
		A69B796816F159F200E9C1D5 /* DebitDeactive.png */ = {isa = PBXFileReference; lastKnownFileType = image.png; name = DebitDeactive.png; path = Graphics/DebitDeactive.png; sourceTree = "<group>"; };
		A69B796C16F15A1000E9C1D5 /* giftActive.png */ = {isa = PBXFileReference; lastKnownFileType = image.png; name = giftActive.png; path = Graphics/giftActive.png; sourceTree = "<group>"; };
		A69B796E16F15A4100E9C1D5 /* giftDeactive.png */ = {isa = PBXFileReference; lastKnownFileType = image.png; name = giftDeactive.png; path = Graphics/giftDeactive.png; sourceTree = "<group>"; };
		A69B797016F15AEA00E9C1D5 /* HPDTAddCardTableViewCell.h */ = {isa = PBXFileReference; fileEncoding = 4; lastKnownFileType = sourcecode.c.h; path = HPDTAddCardTableViewCell.h; sourceTree = "<group>"; };
		A69B797116F15AEA00E9C1D5 /* HPDTAddCardTableViewCell.m */ = {isa = PBXFileReference; fileEncoding = 4; lastKnownFileType = sourcecode.c.objc; path = HPDTAddCardTableViewCell.m; sourceTree = "<group>"; };
		A69B797216F15AEA00E9C1D5 /* HPDTAddCardTableViewCell.xib */ = {isa = PBXFileReference; fileEncoding = 4; lastKnownFileType = file.xib; path = HPDTAddCardTableViewCell.xib; sourceTree = "<group>"; };
		A69B797A16F1673E00E9C1D5 /* amex.png */ = {isa = PBXFileReference; lastKnownFileType = image.png; name = amex.png; path = Graphics/amex.png; sourceTree = "<group>"; };
		A69B797B16F1673E00E9C1D5 /* visa.png */ = {isa = PBXFileReference; lastKnownFileType = image.png; name = visa.png; path = Graphics/visa.png; sourceTree = "<group>"; };
		A69B797C16F1673E00E9C1D5 /* masterCard.png */ = {isa = PBXFileReference; lastKnownFileType = image.png; name = masterCard.png; path = Graphics/masterCard.png; sourceTree = "<group>"; };
		A69B797D16F1673E00E9C1D5 /* discover.png */ = {isa = PBXFileReference; lastKnownFileType = image.png; name = discover.png; path = Graphics/discover.png; sourceTree = "<group>"; };
		A69B798A16F191E300E9C1D5 /* backgroundTwo.png */ = {isa = PBXFileReference; lastKnownFileType = image.png; name = backgroundTwo.png; path = Graphics/backgroundTwo.png; sourceTree = "<group>"; };
		A69B798B16F191E300E9C1D5 /* backgroundOne.png */ = {isa = PBXFileReference; lastKnownFileType = image.png; name = backgroundOne.png; path = Graphics/backgroundOne.png; sourceTree = "<group>"; };
		A69B798F16F1944D00E9C1D5 /* logo.png */ = {isa = PBXFileReference; lastKnownFileType = image.png; name = logo.png; path = Graphics/logo.png; sourceTree = "<group>"; };
		F42ABEAB16EFF9DE00133E48 /* Simpler.app */ = {isa = PBXFileReference; explicitFileType = wrapper.application; includeInIndex = 0; path = Simpler.app; sourceTree = BUILT_PRODUCTS_DIR; };
		F42ABEAE16EFF9DE00133E48 /* UIKit.framework */ = {isa = PBXFileReference; lastKnownFileType = wrapper.framework; name = UIKit.framework; path = System/Library/Frameworks/UIKit.framework; sourceTree = SDKROOT; };
		F42ABEB016EFF9DE00133E48 /* Foundation.framework */ = {isa = PBXFileReference; lastKnownFileType = wrapper.framework; name = Foundation.framework; path = System/Library/Frameworks/Foundation.framework; sourceTree = SDKROOT; };
		F42ABEB216EFF9DE00133E48 /* CoreGraphics.framework */ = {isa = PBXFileReference; lastKnownFileType = wrapper.framework; name = CoreGraphics.framework; path = System/Library/Frameworks/CoreGraphics.framework; sourceTree = SDKROOT; };
		F42ABEB416EFF9DE00133E48 /* CoreData.framework */ = {isa = PBXFileReference; lastKnownFileType = wrapper.framework; name = CoreData.framework; path = System/Library/Frameworks/CoreData.framework; sourceTree = SDKROOT; };
		F42ABEB816EFF9DE00133E48 /* Simpler-Info.plist */ = {isa = PBXFileReference; lastKnownFileType = text.plist.xml; path = "Simpler-Info.plist"; sourceTree = "<group>"; };
		F42ABEBA16EFF9DE00133E48 /* en */ = {isa = PBXFileReference; lastKnownFileType = text.plist.strings; name = en; path = en.lproj/InfoPlist.strings; sourceTree = "<group>"; };
		F42ABEBC16EFF9DE00133E48 /* main.m */ = {isa = PBXFileReference; lastKnownFileType = sourcecode.c.objc; path = main.m; sourceTree = "<group>"; };
		F42ABEBE16EFF9DE00133E48 /* Simpler-Prefix.pch */ = {isa = PBXFileReference; lastKnownFileType = sourcecode.c.h; path = "Simpler-Prefix.pch"; sourceTree = "<group>"; };
		F42ABEBF16EFF9DE00133E48 /* HPDTAppDelegate.h */ = {isa = PBXFileReference; lastKnownFileType = sourcecode.c.h; path = HPDTAppDelegate.h; sourceTree = "<group>"; };
		F42ABEC016EFF9DE00133E48 /* HPDTAppDelegate.m */ = {isa = PBXFileReference; lastKnownFileType = sourcecode.c.objc; path = HPDTAppDelegate.m; sourceTree = "<group>"; };
		F42ABEC216EFF9DE00133E48 /* Default.png */ = {isa = PBXFileReference; lastKnownFileType = image.png; path = Default.png; sourceTree = "<group>"; };
		F42ABEC416EFF9DE00133E48 /* Default@2x.png */ = {isa = PBXFileReference; lastKnownFileType = image.png; path = "Default@2x.png"; sourceTree = "<group>"; };
		F42ABEC616EFF9DE00133E48 /* Default-568h@2x.png */ = {isa = PBXFileReference; lastKnownFileType = image.png; path = "Default-568h@2x.png"; sourceTree = "<group>"; };
		F42ABEC916EFF9DE00133E48 /* Simpler.xcdatamodel */ = {isa = PBXFileReference; lastKnownFileType = wrapper.xcdatamodel; path = Simpler.xcdatamodel; sourceTree = "<group>"; };
		F42ABED016EFF9DE00133E48 /* SimplerTests.octest */ = {isa = PBXFileReference; explicitFileType = wrapper.cfbundle; includeInIndex = 0; path = SimplerTests.octest; sourceTree = BUILT_PRODUCTS_DIR; };
		F42ABED116EFF9DE00133E48 /* SenTestingKit.framework */ = {isa = PBXFileReference; lastKnownFileType = wrapper.framework; name = SenTestingKit.framework; path = Library/Frameworks/SenTestingKit.framework; sourceTree = DEVELOPER_DIR; };
		F42ABEDA16EFF9DE00133E48 /* SimplerTests-Info.plist */ = {isa = PBXFileReference; lastKnownFileType = text.plist.xml; path = "SimplerTests-Info.plist"; sourceTree = "<group>"; };
		F42ABEDC16EFF9DE00133E48 /* en */ = {isa = PBXFileReference; lastKnownFileType = text.plist.strings; name = en; path = en.lproj/InfoPlist.strings; sourceTree = "<group>"; };
		F42ABEDE16EFF9DE00133E48 /* SimplerTests.h */ = {isa = PBXFileReference; lastKnownFileType = sourcecode.c.h; path = SimplerTests.h; sourceTree = "<group>"; };
		F42ABEDF16EFF9DE00133E48 /* SimplerTests.m */ = {isa = PBXFileReference; lastKnownFileType = sourcecode.c.objc; path = SimplerTests.m; sourceTree = "<group>"; };
		F42ABEED16F00CD500133E48 /* QRScannerViewController.h */ = {isa = PBXFileReference; fileEncoding = 4; lastKnownFileType = sourcecode.c.h; path = QRScannerViewController.h; sourceTree = "<group>"; };
		F42ABEEE16F00CD500133E48 /* QRScannerViewController.m */ = {isa = PBXFileReference; fileEncoding = 4; lastKnownFileType = sourcecode.c.objc; path = QRScannerViewController.m; sourceTree = "<group>"; };
		F42ABEEF16F00CD500133E48 /* QRScannerViewController.xib */ = {isa = PBXFileReference; fileEncoding = 4; lastKnownFileType = file.xib; path = QRScannerViewController.xib; sourceTree = "<group>"; };
		F42ABEF416F00E0900133E48 /* AVFoundation.framework */ = {isa = PBXFileReference; lastKnownFileType = wrapper.framework; name = AVFoundation.framework; path = System/Library/Frameworks/AVFoundation.framework; sourceTree = SDKROOT; };
		F42ABEF616F00E1200133E48 /* CoreMedia.framework */ = {isa = PBXFileReference; lastKnownFileType = wrapper.framework; name = CoreMedia.framework; path = System/Library/Frameworks/CoreMedia.framework; sourceTree = SDKROOT; };
		F42ABEF816F00E1C00133E48 /* CoreVideo.framework */ = {isa = PBXFileReference; lastKnownFileType = wrapper.framework; name = CoreVideo.framework; path = System/Library/Frameworks/CoreVideo.framework; sourceTree = SDKROOT; };
		F42ABEFA16F00E2000133E48 /* ImageIO.framework */ = {isa = PBXFileReference; lastKnownFileType = wrapper.framework; name = ImageIO.framework; path = System/Library/Frameworks/ImageIO.framework; sourceTree = SDKROOT; };
		F42ABEFC16F00E2800133E48 /* QuartzCore.framework */ = {isa = PBXFileReference; lastKnownFileType = wrapper.framework; name = QuartzCore.framework; path = System/Library/Frameworks/QuartzCore.framework; sourceTree = SDKROOT; };
		F42ABF0016F0123900133E48 /* ZXingObjC.framework */ = {isa = PBXFileReference; lastKnownFileType = wrapper.framework; path = ZXingObjC.framework; sourceTree = "<group>"; };
		F42ABF0216F0128300133E48 /* AudioToolbox.framework */ = {isa = PBXFileReference; lastKnownFileType = wrapper.framework; name = AudioToolbox.framework; path = System/Library/Frameworks/AudioToolbox.framework; sourceTree = SDKROOT; };
		F42ABF0916F0183500133E48 /* HPDT_LoginViewController.h */ = {isa = PBXFileReference; fileEncoding = 4; lastKnownFileType = sourcecode.c.h; path = HPDT_LoginViewController.h; sourceTree = "<group>"; };
		F42ABF0A16F0183500133E48 /* HPDT_LoginViewController.m */ = {isa = PBXFileReference; fileEncoding = 4; lastKnownFileType = sourcecode.c.objc; path = HPDT_LoginViewController.m; sourceTree = "<group>"; };
		F42ABF0B16F0183500133E48 /* HPDT_LoginViewController.xib */ = {isa = PBXFileReference; fileEncoding = 4; lastKnownFileType = file.xib; path = HPDT_LoginViewController.xib; sourceTree = "<group>"; };
		F42ABF1016F01F6C00133E48 /* FacebookSDK.framework */ = {isa = PBXFileReference; lastKnownFileType = wrapper.framework; path = FacebookSDK.framework; sourceTree = "<group>"; };
		F42ABF1216F021ED00133E48 /* AdSupport.framework */ = {isa = PBXFileReference; lastKnownFileType = wrapper.framework; name = AdSupport.framework; path = System/Library/Frameworks/AdSupport.framework; sourceTree = SDKROOT; };
		F42ABF1416F021F100133E48 /* Social.framework */ = {isa = PBXFileReference; lastKnownFileType = wrapper.framework; name = Social.framework; path = System/Library/Frameworks/Social.framework; sourceTree = SDKROOT; };
		F42ABF1616F021FD00133E48 /* Accounts.framework */ = {isa = PBXFileReference; lastKnownFileType = wrapper.framework; name = Accounts.framework; path = System/Library/Frameworks/Accounts.framework; sourceTree = SDKROOT; };
		F42ABF1816F0242600133E48 /* FacebookSDKResources.bundle */ = {isa = PBXFileReference; lastKnownFileType = "wrapper.plug-in"; path = FacebookSDKResources.bundle; sourceTree = "<group>"; };
		F42ABF2516F13F8D00133E48 /* Card+HPDT.h */ = {isa = PBXFileReference; fileEncoding = 4; lastKnownFileType = sourcecode.c.h; path = "Card+HPDT.h"; sourceTree = "<group>"; };
		F42ABF2616F13F8D00133E48 /* Card+HPDT.m */ = {isa = PBXFileReference; fileEncoding = 4; lastKnownFileType = sourcecode.c.objc; path = "Card+HPDT.m"; sourceTree = "<group>"; };
		F42ABF2916F1402300133E48 /* HPDTUtil.h */ = {isa = PBXFileReference; fileEncoding = 4; lastKnownFileType = sourcecode.c.h; path = HPDTUtil.h; sourceTree = "<group>"; };
		F42ABF2A16F1402300133E48 /* HPDTUtil.m */ = {isa = PBXFileReference; fileEncoding = 4; lastKnownFileType = sourcecode.c.objc; path = HPDTUtil.m; sourceTree = "<group>"; };
		F42ABF2D16F145D000133E48 /* HPDTCardTableViewCell.h */ = {isa = PBXFileReference; fileEncoding = 4; lastKnownFileType = sourcecode.c.h; path = HPDTCardTableViewCell.h; sourceTree = "<group>"; };
		F42ABF2E16F145D000133E48 /* HPDTCardTableViewCell.m */ = {isa = PBXFileReference; fileEncoding = 4; lastKnownFileType = sourcecode.c.objc; path = HPDTCardTableViewCell.m; sourceTree = "<group>"; };
		F42ABF3016F1499000133E48 /* Login.h */ = {isa = PBXFileReference; fileEncoding = 4; lastKnownFileType = sourcecode.c.h; path = Login.h; sourceTree = "<group>"; };
		F42ABF3116F1499100133E48 /* Login.m */ = {isa = PBXFileReference; fileEncoding = 4; lastKnownFileType = sourcecode.c.objc; path = Login.m; sourceTree = "<group>"; };
		F42ABF3316F151EC00133E48 /* HPDTCardsViewController.h */ = {isa = PBXFileReference; fileEncoding = 4; lastKnownFileType = sourcecode.c.h; path = HPDTCardsViewController.h; sourceTree = "<group>"; };
		F42ABF3416F151EC00133E48 /* HPDTCardsViewController.m */ = {isa = PBXFileReference; fileEncoding = 4; lastKnownFileType = sourcecode.c.objc; path = HPDTCardsViewController.m; sourceTree = "<group>"; };
		F42ABF3616F1565400133E48 /* 2.xcdatamodel */ = {isa = PBXFileReference; lastKnownFileType = wrapper.xcdatamodel; path = 2.xcdatamodel; sourceTree = "<group>"; };
		F4BC87B916F15F0200456B18 /* JSLockScreenViewController.h */ = {isa = PBXFileReference; fileEncoding = 4; lastKnownFileType = sourcecode.c.h; path = JSLockScreenViewController.h; sourceTree = "<group>"; };
		F4BC87BA16F15F0200456B18 /* JSLockScreenViewController.m */ = {isa = PBXFileReference; fileEncoding = 4; lastKnownFileType = sourcecode.c.objc; path = JSLockScreenViewController.m; sourceTree = "<group>"; };
		F4BC87BC16F15F0C00456B18 /* HPDTLockScreenViewController.h */ = {isa = PBXFileReference; fileEncoding = 4; lastKnownFileType = sourcecode.c.h; path = HPDTLockScreenViewController.h; sourceTree = "<group>"; };
		F4BC87BD16F15F0C00456B18 /* HPDTLockScreenViewController.m */ = {isa = PBXFileReference; fileEncoding = 4; lastKnownFileType = sourcecode.c.objc; path = HPDTLockScreenViewController.m; sourceTree = "<group>"; };
		F4BC87C116F15FE500456B18 /* lock_background.png */ = {isa = PBXFileReference; lastKnownFileType = image.png; path = lock_background.png; sourceTree = "<group>"; };
		F4BC87C216F15FE500456B18 /* lock_background@2x.png */ = {isa = PBXFileReference; lastKnownFileType = image.png; path = "lock_background@2x.png"; sourceTree = "<group>"; };
		F4BC87C316F15FE500456B18 /* passcodeFieldBackground.png */ = {isa = PBXFileReference; lastKnownFileType = image.png; path = passcodeFieldBackground.png; sourceTree = "<group>"; };
		F4BC87C416F15FE500456B18 /* passcodeFieldBackground@2x.png */ = {isa = PBXFileReference; lastKnownFileType = image.png; path = "passcodeFieldBackground@2x.png"; sourceTree = "<group>"; };
		F4BC87C516F15FE500456B18 /* passcodeTopBackground.png */ = {isa = PBXFileReference; lastKnownFileType = image.png; path = passcodeTopBackground.png; sourceTree = "<group>"; };
		F4BC87C616F15FE500456B18 /* passcodeTopBackground@2x.png */ = {isa = PBXFileReference; lastKnownFileType = image.png; path = "passcodeTopBackground@2x.png"; sourceTree = "<group>"; };
		F4BC87C716F15FE500456B18 /* passcodeTopBackground_red.png */ = {isa = PBXFileReference; lastKnownFileType = image.png; path = passcodeTopBackground_red.png; sourceTree = "<group>"; };
		F4BC87C816F15FE500456B18 /* passcodeTopBackground_red@2x.png */ = {isa = PBXFileReference; lastKnownFileType = image.png; path = "passcodeTopBackground_red@2x.png"; sourceTree = "<group>"; };
		F4BC87D116F15FF900456B18 /* HPDTLockScreenViewController.xib */ = {isa = PBXFileReference; fileEncoding = 4; lastKnownFileType = file.xib; path = HPDTLockScreenViewController.xib; sourceTree = "<group>"; };
		F4BC87D316F1647700456B18 /* HPDTViewController.h */ = {isa = PBXFileReference; fileEncoding = 4; lastKnownFileType = sourcecode.c.h; path = HPDTViewController.h; sourceTree = "<group>"; };
		F4BC87D416F1647800456B18 /* HPDTViewController.m */ = {isa = PBXFileReference; fileEncoding = 4; lastKnownFileType = sourcecode.c.objc; path = HPDTViewController.m; sourceTree = "<group>"; };
		F4BC87D616F1854C00456B18 /* 3.xcdatamodel */ = {isa = PBXFileReference; lastKnownFileType = file; path = 3.xcdatamodel; sourceTree = "<group>"; };
		F4BC87D716F185C700456B18 /* Card.h */ = {isa = PBXFileReference; fileEncoding = 4; lastKnownFileType = sourcecode.c.h; path = Card.h; sourceTree = "<group>"; };
		F4BC87D816F185C700456B18 /* Card.m */ = {isa = PBXFileReference; fileEncoding = 4; lastKnownFileType = sourcecode.c.objc; path = Card.m; sourceTree = "<group>"; };
		F4BC87E016F186E100456B18 /* User+HPDT.h */ = {isa = PBXFileReference; fileEncoding = 4; lastKnownFileType = sourcecode.c.h; path = "User+HPDT.h"; sourceTree = "<group>"; };
		F4BC87E116F186E100456B18 /* User+HPDT.m */ = {isa = PBXFileReference; fileEncoding = 4; lastKnownFileType = sourcecode.c.objc; path = "User+HPDT.m"; sourceTree = "<group>"; };
		F4BC87E316F18D7000456B18 /* 4.xcdatamodel */ = {isa = PBXFileReference; lastKnownFileType = file; path = 4.xcdatamodel; sourceTree = "<group>"; };
		F4BC87E716F18E4100456B18 /* User.h */ = {isa = PBXFileReference; fileEncoding = 4; lastKnownFileType = sourcecode.c.h; path = User.h; sourceTree = "<group>"; };
		F4BC87E816F18E4100456B18 /* User.m */ = {isa = PBXFileReference; fileEncoding = 4; lastKnownFileType = sourcecode.c.objc; path = User.m; sourceTree = "<group>"; };
		F4BC87EA16F19E6400456B18 /* HPDTPasscodeEntryViewController.h */ = {isa = PBXFileReference; fileEncoding = 4; lastKnownFileType = sourcecode.c.h; path = HPDTPasscodeEntryViewController.h; sourceTree = "<group>"; };
		F4BC87EB16F19E6500456B18 /* HPDTPasscodeEntryViewController.m */ = {isa = PBXFileReference; fileEncoding = 4; lastKnownFileType = sourcecode.c.objc; path = HPDTPasscodeEntryViewController.m; sourceTree = "<group>"; };
		F4BC87EC16F19E6600456B18 /* HPDTPasscodeEntryViewController.xib */ = {isa = PBXFileReference; fileEncoding = 4; lastKnownFileType = file.xib; path = HPDTPasscodeEntryViewController.xib; sourceTree = "<group>"; };
/* End PBXFileReference section */

/* Begin PBXFrameworksBuildPhase section */
		F42ABEA816EFF9DE00133E48 /* Frameworks */ = {
			isa = PBXFrameworksBuildPhase;
			buildActionMask = 2147483647;
			files = (
				F42ABF1716F021FD00133E48 /* Accounts.framework in Frameworks */,
				F42ABF1516F021F100133E48 /* Social.framework in Frameworks */,
				F42ABF1316F021ED00133E48 /* AdSupport.framework in Frameworks */,
				F42ABF0416F012C500133E48 /* AudioToolbox.framework in Frameworks */,
				F42ABEFD16F00E2800133E48 /* QuartzCore.framework in Frameworks */,
				F42ABEFB16F00E2100133E48 /* ImageIO.framework in Frameworks */,
				F42ABEF916F00E1C00133E48 /* CoreVideo.framework in Frameworks */,
				F42ABEF716F00E1200133E48 /* CoreMedia.framework in Frameworks */,
				F42ABEF516F00E0900133E48 /* AVFoundation.framework in Frameworks */,
				F42ABEAF16EFF9DE00133E48 /* UIKit.framework in Frameworks */,
				F42ABEB116EFF9DE00133E48 /* Foundation.framework in Frameworks */,
				F42ABEB316EFF9DE00133E48 /* CoreGraphics.framework in Frameworks */,
				F42ABEB516EFF9DE00133E48 /* CoreData.framework in Frameworks */,
				F42ABF0116F0123900133E48 /* ZXingObjC.framework in Frameworks */,
				F42ABF2016F1399B00133E48 /* FacebookSDK.framework in Frameworks */,
			);
			runOnlyForDeploymentPostprocessing = 0;
		};
		F42ABECC16EFF9DE00133E48 /* Frameworks */ = {
			isa = PBXFrameworksBuildPhase;
			buildActionMask = 2147483647;
			files = (
				F42ABED216EFF9DE00133E48 /* SenTestingKit.framework in Frameworks */,
				F42ABED316EFF9DE00133E48 /* UIKit.framework in Frameworks */,
				F42ABED416EFF9DE00133E48 /* Foundation.framework in Frameworks */,
				F42ABED516EFF9DE00133E48 /* CoreData.framework in Frameworks */,
			);
			runOnlyForDeploymentPostprocessing = 0;
		};
/* End PBXFrameworksBuildPhase section */

/* Begin PBXGroup section */
		A69B795716F140BF00E9C1D5 /* UITableViewCells */ = {
			isa = PBXGroup;
			children = (
				A69B794F16F13B7200E9C1D5 /* HPDTCardTableViewCell.xib */,
				F42ABF2D16F145D000133E48 /* HPDTCardTableViewCell.h */,
				F42ABF2E16F145D000133E48 /* HPDTCardTableViewCell.m */,
				A69B797016F15AEA00E9C1D5 /* HPDTAddCardTableViewCell.h */,
				A69B797116F15AEA00E9C1D5 /* HPDTAddCardTableViewCell.m */,
				A69B797216F15AEA00E9C1D5 /* HPDTAddCardTableViewCell.xib */,
			);
			name = UITableViewCells;
			sourceTree = "<group>";
		};
		F42ABEA216EFF9DE00133E48 = {
			isa = PBXGroup;
			children = (
				F42ABEB616EFF9DE00133E48 /* Simpler */,
				F42ABED816EFF9DE00133E48 /* SimplerTests */,
				F42ABEAD16EFF9DE00133E48 /* Frameworks */,
				F42ABEAC16EFF9DE00133E48 /* Products */,
			);
			sourceTree = "<group>";
		};
		F42ABEAC16EFF9DE00133E48 /* Products */ = {
			isa = PBXGroup;
			children = (
				F42ABEAB16EFF9DE00133E48 /* Simpler.app */,
				F42ABED016EFF9DE00133E48 /* SimplerTests.octest */,
			);
			name = Products;
			sourceTree = "<group>";
		};
		F42ABEAD16EFF9DE00133E48 /* Frameworks */ = {
			isa = PBXGroup;
			children = (
				F42ABF1616F021FD00133E48 /* Accounts.framework */,
				F42ABF1416F021F100133E48 /* Social.framework */,
				F42ABF1216F021ED00133E48 /* AdSupport.framework */,
				F42ABF1016F01F6C00133E48 /* FacebookSDK.framework */,
				F42ABF1816F0242600133E48 /* FacebookSDKResources.bundle */,
				F42ABF0216F0128300133E48 /* AudioToolbox.framework */,
				F42ABF0016F0123900133E48 /* ZXingObjC.framework */,
				F42ABEFC16F00E2800133E48 /* QuartzCore.framework */,
				F42ABEFA16F00E2000133E48 /* ImageIO.framework */,
				F42ABEF816F00E1C00133E48 /* CoreVideo.framework */,
				F42ABEF616F00E1200133E48 /* CoreMedia.framework */,
				F42ABEF416F00E0900133E48 /* AVFoundation.framework */,
				F42ABEAE16EFF9DE00133E48 /* UIKit.framework */,
				F42ABEB016EFF9DE00133E48 /* Foundation.framework */,
				F42ABEB216EFF9DE00133E48 /* CoreGraphics.framework */,
				F42ABEB416EFF9DE00133E48 /* CoreData.framework */,
				F42ABED116EFF9DE00133E48 /* SenTestingKit.framework */,
			);
			name = Frameworks;
			sourceTree = "<group>";
		};
		F42ABEB616EFF9DE00133E48 /* Simpler */ = {
			isa = PBXGroup;
			children = (
				F42ABEEC16F00CAC00133E48 /* Interface */,
				F42ABF1C16F1380E00133E48 /* Models */,
				F42ABF2116F13E7F00133E48 /* Core Data Models */,
				F4BC87BF16F15FD200456B18 /* Graphics */,
				F42ABF2816F13FF600133E48 /* Utils */,
				F42ABEBF16EFF9DE00133E48 /* HPDTAppDelegate.h */,
				F42ABEC016EFF9DE00133E48 /* HPDTAppDelegate.m */,
				F42ABEB716EFF9DE00133E48 /* Supporting Files */,
			);
			path = Simpler;
			sourceTree = "<group>";
		};
		F42ABEB716EFF9DE00133E48 /* Supporting Files */ = {
			isa = PBXGroup;
			children = (
				F42ABEB816EFF9DE00133E48 /* Simpler-Info.plist */,
				F42ABEB916EFF9DE00133E48 /* InfoPlist.strings */,
				F42ABEBC16EFF9DE00133E48 /* main.m */,
				F42ABEBE16EFF9DE00133E48 /* Simpler-Prefix.pch */,
				F42ABEC216EFF9DE00133E48 /* Default.png */,
				F42ABEC416EFF9DE00133E48 /* Default@2x.png */,
				F42ABEC616EFF9DE00133E48 /* Default-568h@2x.png */,
			);
			name = "Supporting Files";
			sourceTree = "<group>";
		};
		F42ABED816EFF9DE00133E48 /* SimplerTests */ = {
			isa = PBXGroup;
			children = (
				F42ABEDE16EFF9DE00133E48 /* SimplerTests.h */,
				F42ABEDF16EFF9DE00133E48 /* SimplerTests.m */,
				F42ABED916EFF9DE00133E48 /* Supporting Files */,
			);
			path = SimplerTests;
			sourceTree = "<group>";
		};
		F42ABED916EFF9DE00133E48 /* Supporting Files */ = {
			isa = PBXGroup;
			children = (
				F42ABEDA16EFF9DE00133E48 /* SimplerTests-Info.plist */,
				F42ABEDB16EFF9DE00133E48 /* InfoPlist.strings */,
			);
			name = "Supporting Files";
			sourceTree = "<group>";
		};
		F42ABEEC16F00CAC00133E48 /* Interface */ = {
			isa = PBXGroup;
			children = (
				F4BC87B816F15EF000456B18 /* Library */,
				A69B795716F140BF00E9C1D5 /* UITableViewCells */,
				F4BC87BC16F15F0C00456B18 /* HPDTLockScreenViewController.h */,
				F4BC87BD16F15F0C00456B18 /* HPDTLockScreenViewController.m */,
				F4BC87D116F15FF900456B18 /* HPDTLockScreenViewController.xib */,
				F4BC87EA16F19E6400456B18 /* HPDTPasscodeEntryViewController.h */,
				F4BC87EB16F19E6500456B18 /* HPDTPasscodeEntryViewController.m */,
				F4BC87EC16F19E6600456B18 /* HPDTPasscodeEntryViewController.xib */,
				F42ABEED16F00CD500133E48 /* QRScannerViewController.h */,
				F42ABEEE16F00CD500133E48 /* QRScannerViewController.m */,
				F42ABEEF16F00CD500133E48 /* QRScannerViewController.xib */,
				F42ABF0916F0183500133E48 /* HPDT_LoginViewController.h */,
				F42ABF0A16F0183500133E48 /* HPDT_LoginViewController.m */,
				F42ABF0B16F0183500133E48 /* HPDT_LoginViewController.xib */,
				A655427316F01D9400BA9659 /* HPDT_HomeViewController.h */,
				A655427416F01D9400BA9659 /* HPDT_HomeViewController.m */,
				A655427516F01D9400BA9659 /* HPDT_HomeViewController.xib */,
				A655427816F01DE500BA9659 /* HPDT_RegisterViewController.h */,
				A655427916F01DE500BA9659 /* HPDT_RegisterViewController.m */,
				A655427A16F01DE500BA9659 /* HPDT_RegisterViewController.xib */,
				A655427D16F01E1D00BA9659 /* HPDT_ProfileViewController.h */,
				A655427E16F01E1D00BA9659 /* HPDT_ProfileViewController.m */,
				A655427F16F01E1D00BA9659 /* HPDT_ProfileViewController.xib */,
				A655428216F01E3B00BA9659 /* HPDT_BanksViewController.h */,
				A655428316F01E3B00BA9659 /* HPDT_BanksViewController.m */,
				A655428416F01E3B00BA9659 /* HPDT_BanksViewController.xib */,
				A655428716F01E5F00BA9659 /* HPDT_EditCardViewController.h */,
				A655428816F01E5F00BA9659 /* HPDT_EditCardViewController.m */,
				A655428916F01E5F00BA9659 /* HPDT_EditCardViewController.xib */,
				A655428C16F01EEC00BA9659 /* HPDT_AddCardViewController.h */,
				A655428D16F01EED00BA9659 /* HPDT_AddCardViewController.m */,
				A655428E16F01EED00BA9659 /* HPDT_AddCardViewController.xib */,
				A65542A016F0200800BA9659 /* HPDT_TransactionViewController.h */,
				A65542A116F0200800BA9659 /* HPDT_TransactionViewController.m */,
				A65542A216F0200900BA9659 /* HPDT_TransactionViewController.xib */,
				A65542A516F0202400BA9659 /* HPDT_WalletViewController.h */,
				A65542A616F0202400BA9659 /* HPDT_WalletViewController.m */,
				A65542A716F0202500BA9659 /* HPDT_WalletViewController.xib */,
				F42ABF3316F151EC00133E48 /* HPDTCardsViewController.h */,
				F42ABF3416F151EC00133E48 /* HPDTCardsViewController.m */,
				F4BC87D316F1647700456B18 /* HPDTViewController.h */,
				F4BC87D416F1647800456B18 /* HPDTViewController.m */,
			);
			name = Interface;
			sourceTree = "<group>";
		};
		F42ABF1C16F1380E00133E48 /* Models */ = {
			isa = PBXGroup;
			children = (
				F42ABF2516F13F8D00133E48 /* Card+HPDT.h */,
				F42ABF2616F13F8D00133E48 /* Card+HPDT.m */,
				F42ABF3016F1499000133E48 /* Login.h */,
				F42ABF3116F1499100133E48 /* Login.m */,
				F4BC87E016F186E100456B18 /* User+HPDT.h */,
				F4BC87E116F186E100456B18 /* User+HPDT.m */,
			);
			name = Models;
			sourceTree = "<group>";
		};
		F42ABF2116F13E7F00133E48 /* Core Data Models */ = {
			isa = PBXGroup;
			children = (
				F42ABEC816EFF9DE00133E48 /* Simpler.xcdatamodeld */,
				F4BC87E716F18E4100456B18 /* User.h */,
				F4BC87E816F18E4100456B18 /* User.m */,
				F4BC87D716F185C700456B18 /* Card.h */,
				F4BC87D816F185C700456B18 /* Card.m */,
			);
			name = "Core Data Models";
			sourceTree = "<group>";
		};
		F42ABF2816F13FF600133E48 /* Utils */ = {
			isa = PBXGroup;
			children = (
				F42ABF2916F1402300133E48 /* HPDTUtil.h */,
				F42ABF2A16F1402300133E48 /* HPDTUtil.m */,
			);
			name = Utils;
			sourceTree = "<group>";
		};
		F4BC87B816F15EF000456B18 /* Library */ = {
			isa = PBXGroup;
			children = (
				F4BC87B916F15F0200456B18 /* JSLockScreenViewController.h */,
				F4BC87BA16F15F0200456B18 /* JSLockScreenViewController.m */,
			);
			name = Library;
			sourceTree = "<group>";
		};
		F4BC87BF16F15FD200456B18 /* Graphics */ = {
			isa = PBXGroup;
			children = (
				A69B797A16F1673E00E9C1D5 /* amex.png */,
				A69B797B16F1673E00E9C1D5 /* visa.png */,
				A69B798F16F1944D00E9C1D5 /* logo.png */,
				A69B797C16F1673E00E9C1D5 /* masterCard.png */,
				A69B797D16F1673E00E9C1D5 /* discover.png */,
				A69B798A16F191E300E9C1D5 /* backgroundTwo.png */,
				A69B798B16F191E300E9C1D5 /* backgroundOne.png */,
				A69B796216F1564200E9C1D5 /* user.png */,
				A69B796816F159F200E9C1D5 /* DebitDeactive.png */,
				A69B796E16F15A4100E9C1D5 /* giftDeactive.png */,
				A69B796C16F15A1000E9C1D5 /* giftActive.png */,
				A69B796416F156AF00E9C1D5 /* DebitActive.png */,
				F4BC87C016F15FDA00456B18 /* LockScreen */,
			);
			name = Graphics;
			sourceTree = "<group>";
		};
		F4BC87C016F15FDA00456B18 /* LockScreen */ = {
			isa = PBXGroup;
			children = (
				F4BC87C116F15FE500456B18 /* lock_background.png */,
				F4BC87C216F15FE500456B18 /* lock_background@2x.png */,
				F4BC87C316F15FE500456B18 /* passcodeFieldBackground.png */,
				F4BC87C416F15FE500456B18 /* passcodeFieldBackground@2x.png */,
				F4BC87C516F15FE500456B18 /* passcodeTopBackground.png */,
				F4BC87C616F15FE500456B18 /* passcodeTopBackground@2x.png */,
				F4BC87C716F15FE500456B18 /* passcodeTopBackground_red.png */,
				F4BC87C816F15FE500456B18 /* passcodeTopBackground_red@2x.png */,
			);
			name = LockScreen;
			sourceTree = "<group>";
		};
/* End PBXGroup section */

/* Begin PBXNativeTarget section */
		F42ABEAA16EFF9DE00133E48 /* Simpler */ = {
			isa = PBXNativeTarget;
			buildConfigurationList = F42ABEE316EFF9DE00133E48 /* Build configuration list for PBXNativeTarget "Simpler" */;
			buildPhases = (
				F42ABEA716EFF9DE00133E48 /* Sources */,
				F42ABEA816EFF9DE00133E48 /* Frameworks */,
				F42ABEA916EFF9DE00133E48 /* Resources */,
			);
			buildRules = (
			);
			dependencies = (
			);
			name = Simpler;
			productName = Simpler;
			productReference = F42ABEAB16EFF9DE00133E48 /* Simpler.app */;
			productType = "com.apple.product-type.application";
		};
		F42ABECF16EFF9DE00133E48 /* SimplerTests */ = {
			isa = PBXNativeTarget;
			buildConfigurationList = F42ABEE616EFF9DE00133E48 /* Build configuration list for PBXNativeTarget "SimplerTests" */;
			buildPhases = (
				F42ABECB16EFF9DE00133E48 /* Sources */,
				F42ABECC16EFF9DE00133E48 /* Frameworks */,
				F42ABECD16EFF9DE00133E48 /* Resources */,
				F42ABECE16EFF9DE00133E48 /* ShellScript */,
			);
			buildRules = (
			);
			dependencies = (
				F42ABED716EFF9DE00133E48 /* PBXTargetDependency */,
			);
			name = SimplerTests;
			productName = SimplerTests;
			productReference = F42ABED016EFF9DE00133E48 /* SimplerTests.octest */;
			productType = "com.apple.product-type.bundle";
		};
/* End PBXNativeTarget section */

/* Begin PBXProject section */
		F42ABEA316EFF9DE00133E48 /* Project object */ = {
			isa = PBXProject;
			attributes = {
				CLASSPREFIX = HPDT;
				LastUpgradeCheck = 0460;
				ORGANIZATIONNAME = HPDTApps;
			};
			buildConfigurationList = F42ABEA616EFF9DE00133E48 /* Build configuration list for PBXProject "Simpler" */;
			compatibilityVersion = "Xcode 3.2";
			developmentRegion = English;
			hasScannedForEncodings = 0;
			knownRegions = (
				en,
			);
			mainGroup = F42ABEA216EFF9DE00133E48;
			productRefGroup = F42ABEAC16EFF9DE00133E48 /* Products */;
			projectDirPath = "";
			projectRoot = "";
			targets = (
				F42ABEAA16EFF9DE00133E48 /* Simpler */,
				F42ABECF16EFF9DE00133E48 /* SimplerTests */,
			);
		};
/* End PBXProject section */

/* Begin PBXResourcesBuildPhase section */
		F42ABEA916EFF9DE00133E48 /* Resources */ = {
			isa = PBXResourcesBuildPhase;
			buildActionMask = 2147483647;
			files = (
				F42ABEBB16EFF9DE00133E48 /* InfoPlist.strings in Resources */,
				F42ABEC316EFF9DE00133E48 /* Default.png in Resources */,
				F42ABEC516EFF9DE00133E48 /* Default@2x.png in Resources */,
				F42ABEC716EFF9DE00133E48 /* Default-568h@2x.png in Resources */,
				F42ABEF116F00CD500133E48 /* QRScannerViewController.xib in Resources */,
				F42ABF0D16F0183500133E48 /* HPDT_LoginViewController.xib in Resources */,
				F42ABF1916F0242600133E48 /* FacebookSDKResources.bundle in Resources */,
				A655427716F01D9400BA9659 /* HPDT_HomeViewController.xib in Resources */,
				A655427C16F01DE500BA9659 /* HPDT_RegisterViewController.xib in Resources */,
				A655428116F01E1D00BA9659 /* HPDT_ProfileViewController.xib in Resources */,
				A655428616F01E3B00BA9659 /* HPDT_BanksViewController.xib in Resources */,
				A655428B16F01E5F00BA9659 /* HPDT_EditCardViewController.xib in Resources */,
				A655429016F01EED00BA9659 /* HPDT_AddCardViewController.xib in Resources */,
				A65542A416F0200900BA9659 /* HPDT_TransactionViewController.xib in Resources */,
				A65542A916F0202500BA9659 /* HPDT_WalletViewController.xib in Resources */,
				A69B795116F13B7200E9C1D5 /* HPDTCardTableViewCell.xib in Resources */,
				A69B796316F1564200E9C1D5 /* user.png in Resources */,
				A69B796516F156AF00E9C1D5 /* DebitActive.png in Resources */,
				A69B796A16F159F200E9C1D5 /* DebitDeactive.png in Resources */,
				A69B796D16F15A1000E9C1D5 /* giftActive.png in Resources */,
				A69B796F16F15A4100E9C1D5 /* giftDeactive.png in Resources */,
				A69B797416F15AEA00E9C1D5 /* HPDTAddCardTableViewCell.xib in Resources */,
				F4BC87C916F15FE500456B18 /* lock_background.png in Resources */,
				F4BC87CA16F15FE500456B18 /* lock_background@2x.png in Resources */,
				F4BC87CB16F15FE500456B18 /* passcodeFieldBackground.png in Resources */,
				F4BC87CC16F15FE500456B18 /* passcodeFieldBackground@2x.png in Resources */,
				F4BC87CD16F15FE500456B18 /* passcodeTopBackground.png in Resources */,
				F4BC87CE16F15FE500456B18 /* passcodeTopBackground@2x.png in Resources */,
				F4BC87CF16F15FE500456B18 /* passcodeTopBackground_red.png in Resources */,
				F4BC87D016F15FE500456B18 /* passcodeTopBackground_red@2x.png in Resources */,
				F4BC87D216F15FF900456B18 /* HPDTLockScreenViewController.xib in Resources */,
				A69B797E16F1673E00E9C1D5 /* amex.png in Resources */,
				A69B797F16F1673E00E9C1D5 /* visa.png in Resources */,
				A69B798016F1673E00E9C1D5 /* masterCard.png in Resources */,
				A69B798116F1673E00E9C1D5 /* discover.png in Resources */,
				F4BC87EE16F19E6800456B18 /* HPDTPasscodeEntryViewController.xib in Resources */,
				A69B798C16F191E300E9C1D5 /* backgroundTwo.png in Resources */,
				A69B798D16F191E300E9C1D5 /* backgroundOne.png in Resources */,
				A69B799016F1944D00E9C1D5 /* logo.png in Resources */,
			);
			runOnlyForDeploymentPostprocessing = 0;
		};
		F42ABECD16EFF9DE00133E48 /* Resources */ = {
			isa = PBXResourcesBuildPhase;
			buildActionMask = 2147483647;
			files = (
				F42ABEDD16EFF9DE00133E48 /* InfoPlist.strings in Resources */,
			);
			runOnlyForDeploymentPostprocessing = 0;
		};
/* End PBXResourcesBuildPhase section */

/* Begin PBXShellScriptBuildPhase section */
		F42ABECE16EFF9DE00133E48 /* ShellScript */ = {
			isa = PBXShellScriptBuildPhase;
			buildActionMask = 2147483647;
			files = (
			);
			inputPaths = (
			);
			outputPaths = (
			);
			runOnlyForDeploymentPostprocessing = 0;
			shellPath = /bin/sh;
			shellScript = "# Run the unit tests in this test bundle.\n\"${SYSTEM_DEVELOPER_DIR}/Tools/RunUnitTests\"\n";
		};
/* End PBXShellScriptBuildPhase section */

/* Begin PBXSourcesBuildPhase section */
		F42ABEA716EFF9DE00133E48 /* Sources */ = {
			isa = PBXSourcesBuildPhase;
			buildActionMask = 2147483647;
			files = (
				F42ABEBD16EFF9DE00133E48 /* main.m in Sources */,
				F42ABEC116EFF9DE00133E48 /* HPDTAppDelegate.m in Sources */,
				F42ABECA16EFF9DE00133E48 /* Simpler.xcdatamodeld in Sources */,
				F42ABEF016F00CD500133E48 /* QRScannerViewController.m in Sources */,
				F42ABF0C16F0183500133E48 /* HPDT_LoginViewController.m in Sources */,
				A655427616F01D9400BA9659 /* HPDT_HomeViewController.m in Sources */,
				A655427B16F01DE500BA9659 /* HPDT_RegisterViewController.m in Sources */,
				A655428016F01E1D00BA9659 /* HPDT_ProfileViewController.m in Sources */,
				A655428516F01E3B00BA9659 /* HPDT_BanksViewController.m in Sources */,
				A655428A16F01E5F00BA9659 /* HPDT_EditCardViewController.m in Sources */,
				A655428F16F01EED00BA9659 /* HPDT_AddCardViewController.m in Sources */,
				A65542A316F0200900BA9659 /* HPDT_TransactionViewController.m in Sources */,
				A65542A816F0202500BA9659 /* HPDT_WalletViewController.m in Sources */,
				F42ABF2716F13F8D00133E48 /* Card+HPDT.m in Sources */,
				F42ABF2B16F1402300133E48 /* HPDTUtil.m in Sources */,
				F42ABF2F16F145D000133E48 /* HPDTCardTableViewCell.m in Sources */,
				F42ABF3216F1499100133E48 /* Login.m in Sources */,
				F42ABF3516F151ED00133E48 /* HPDTCardsViewController.m in Sources */,
				A69B797316F15AEA00E9C1D5 /* HPDTAddCardTableViewCell.m in Sources */,
				F4BC87BB16F15F0200456B18 /* JSLockScreenViewController.m in Sources */,
				F4BC87D516F1647800456B18 /* HPDTViewController.m in Sources */,
				F4BC87D916F185C700456B18 /* Card.m in Sources */,
				F4BC87E216F186E100456B18 /* User+HPDT.m in Sources */,
				F4BC87E916F18E4100456B18 /* User.m in Sources */,
				F4BC87ED16F19E6800456B18 /* HPDTPasscodeEntryViewController.m in Sources */,
			);
			runOnlyForDeploymentPostprocessing = 0;
		};
		F42ABECB16EFF9DE00133E48 /* Sources */ = {
			isa = PBXSourcesBuildPhase;
			buildActionMask = 2147483647;
			files = (
				F42ABEE016EFF9DE00133E48 /* SimplerTests.m in Sources */,
				F4BC87BE16F15F0C00456B18 /* HPDTLockScreenViewController.m in Sources */,
			);
			runOnlyForDeploymentPostprocessing = 0;
		};
/* End PBXSourcesBuildPhase section */

/* Begin PBXTargetDependency section */
		F42ABED716EFF9DE00133E48 /* PBXTargetDependency */ = {
			isa = PBXTargetDependency;
			target = F42ABEAA16EFF9DE00133E48 /* Simpler */;
			targetProxy = F42ABED616EFF9DE00133E48 /* PBXContainerItemProxy */;
		};
/* End PBXTargetDependency section */

/* Begin PBXVariantGroup section */
		F42ABEB916EFF9DE00133E48 /* InfoPlist.strings */ = {
			isa = PBXVariantGroup;
			children = (
				F42ABEBA16EFF9DE00133E48 /* en */,
			);
			name = InfoPlist.strings;
			sourceTree = "<group>";
		};
		F42ABEDB16EFF9DE00133E48 /* InfoPlist.strings */ = {
			isa = PBXVariantGroup;
			children = (
				F42ABEDC16EFF9DE00133E48 /* en */,
			);
			name = InfoPlist.strings;
			sourceTree = "<group>";
		};
/* End PBXVariantGroup section */

/* Begin XCBuildConfiguration section */
		F42ABEE116EFF9DE00133E48 /* Debug */ = {
			isa = XCBuildConfiguration;
			buildSettings = {
				ALWAYS_SEARCH_USER_PATHS = NO;
				CLANG_CXX_LANGUAGE_STANDARD = "gnu++0x";
				CLANG_CXX_LIBRARY = "libc++";
				CLANG_ENABLE_OBJC_ARC = YES;
				CLANG_WARN_CONSTANT_CONVERSION = YES;
				CLANG_WARN_EMPTY_BODY = YES;
				CLANG_WARN_ENUM_CONVERSION = YES;
				CLANG_WARN_INT_CONVERSION = YES;
				CLANG_WARN__DUPLICATE_METHOD_MATCH = YES;
				"CODE_SIGN_IDENTITY[sdk=iphoneos*]" = "iPhone Developer";
				COPY_PHASE_STRIP = NO;
				GCC_C_LANGUAGE_STANDARD = gnu99;
				GCC_DYNAMIC_NO_PIC = NO;
				GCC_OPTIMIZATION_LEVEL = 0;
				GCC_PREPROCESSOR_DEFINITIONS = (
					"DEBUG=1",
					"$(inherited)",
				);
				GCC_SYMBOLS_PRIVATE_EXTERN = NO;
				GCC_WARN_ABOUT_RETURN_TYPE = YES;
				GCC_WARN_UNINITIALIZED_AUTOS = YES;
				GCC_WARN_UNUSED_VARIABLE = YES;
				IPHONEOS_DEPLOYMENT_TARGET = 5.0;
				ONLY_ACTIVE_ARCH = YES;
				SDKROOT = iphoneos;
				TARGETED_DEVICE_FAMILY = "1,2";
			};
			name = Debug;
		};
		F42ABEE216EFF9DE00133E48 /* Release */ = {
			isa = XCBuildConfiguration;
			buildSettings = {
				ALWAYS_SEARCH_USER_PATHS = NO;
				CLANG_CXX_LANGUAGE_STANDARD = "gnu++0x";
				CLANG_CXX_LIBRARY = "libc++";
				CLANG_ENABLE_OBJC_ARC = YES;
				CLANG_WARN_CONSTANT_CONVERSION = YES;
				CLANG_WARN_EMPTY_BODY = YES;
				CLANG_WARN_ENUM_CONVERSION = YES;
				CLANG_WARN_INT_CONVERSION = YES;
				CLANG_WARN__DUPLICATE_METHOD_MATCH = YES;
				"CODE_SIGN_IDENTITY[sdk=iphoneos*]" = "iPhone Developer";
				COPY_PHASE_STRIP = YES;
				GCC_C_LANGUAGE_STANDARD = gnu99;
				GCC_WARN_ABOUT_RETURN_TYPE = YES;
				GCC_WARN_UNINITIALIZED_AUTOS = YES;
				GCC_WARN_UNUSED_VARIABLE = YES;
				IPHONEOS_DEPLOYMENT_TARGET = 5.0;
				OTHER_CFLAGS = "-DNS_BLOCK_ASSERTIONS=1";
				SDKROOT = iphoneos;
				TARGETED_DEVICE_FAMILY = "1,2";
				VALIDATE_PRODUCT = YES;
			};
			name = Release;
		};
		F42ABEE416EFF9DE00133E48 /* Debug */ = {
			isa = XCBuildConfiguration;
			buildSettings = {
				ARCHS = armv7;
				FRAMEWORK_SEARCH_PATHS = (
					"$(inherited)",
					"\"$(SRCROOT)\"",
					"\"$(SRCROOT)/../../../../Documents/FacebookSDK\"",
				);
				GCC_PRECOMPILE_PREFIX_HEADER = YES;
				GCC_PREFIX_HEADER = "Simpler/Simpler-Prefix.pch";
				INFOPLIST_FILE = "Simpler/Simpler-Info.plist";
				IPHONEOS_DEPLOYMENT_TARGET = 5.0;
				OTHER_LDFLAGS = (
					"-lsqlite3.0",
					"-ObjC",
				);
				PRODUCT_NAME = "$(TARGET_NAME)";
				VALID_ARCHS = armv7;
				WRAPPER_EXTENSION = app;
			};
			name = Debug;
		};
		F42ABEE516EFF9DE00133E48 /* Release */ = {
			isa = XCBuildConfiguration;
			buildSettings = {
				ARCHS = armv7;
				FRAMEWORK_SEARCH_PATHS = (
					"$(inherited)",
					"\"$(SRCROOT)\"",
					"\"$(SRCROOT)/../../../../Documents/FacebookSDK\"",
				);
				GCC_PRECOMPILE_PREFIX_HEADER = YES;
				GCC_PREFIX_HEADER = "Simpler/Simpler-Prefix.pch";
				INFOPLIST_FILE = "Simpler/Simpler-Info.plist";
				IPHONEOS_DEPLOYMENT_TARGET = 5.0;
				OTHER_LDFLAGS = (
					"-lsqlite3.0",
					"-ObjC",
				);
				PRODUCT_NAME = "$(TARGET_NAME)";
				VALID_ARCHS = armv7;
				WRAPPER_EXTENSION = app;
			};
			name = Release;
		};
		F42ABEE716EFF9DE00133E48 /* Debug */ = {
			isa = XCBuildConfiguration;
			buildSettings = {
				BUNDLE_LOADER = "$(BUILT_PRODUCTS_DIR)/Simpler.app/Simpler";
				FRAMEWORK_SEARCH_PATHS = (
					"\"$(SDKROOT)/Developer/Library/Frameworks\"",
					"\"$(DEVELOPER_LIBRARY_DIR)/Frameworks\"",
				);
				GCC_PRECOMPILE_PREFIX_HEADER = YES;
				GCC_PREFIX_HEADER = "Simpler/Simpler-Prefix.pch";
				INFOPLIST_FILE = "SimplerTests/SimplerTests-Info.plist";
				PRODUCT_NAME = "$(TARGET_NAME)";
				TEST_HOST = "$(BUNDLE_LOADER)";
				WRAPPER_EXTENSION = octest;
			};
			name = Debug;
		};
		F42ABEE816EFF9DE00133E48 /* Release */ = {
			isa = XCBuildConfiguration;
			buildSettings = {
				BUNDLE_LOADER = "$(BUILT_PRODUCTS_DIR)/Simpler.app/Simpler";
				FRAMEWORK_SEARCH_PATHS = (
					"\"$(SDKROOT)/Developer/Library/Frameworks\"",
					"\"$(DEVELOPER_LIBRARY_DIR)/Frameworks\"",
				);
				GCC_PRECOMPILE_PREFIX_HEADER = YES;
				GCC_PREFIX_HEADER = "Simpler/Simpler-Prefix.pch";
				INFOPLIST_FILE = "SimplerTests/SimplerTests-Info.plist";
				PRODUCT_NAME = "$(TARGET_NAME)";
				TEST_HOST = "$(BUNDLE_LOADER)";
				WRAPPER_EXTENSION = octest;
			};
			name = Release;
		};
/* End XCBuildConfiguration section */

/* Begin XCConfigurationList section */
		F42ABEA616EFF9DE00133E48 /* Build configuration list for PBXProject "Simpler" */ = {
			isa = XCConfigurationList;
			buildConfigurations = (
				F42ABEE116EFF9DE00133E48 /* Debug */,
				F42ABEE216EFF9DE00133E48 /* Release */,
			);
			defaultConfigurationIsVisible = 0;
			defaultConfigurationName = Release;
		};
		F42ABEE316EFF9DE00133E48 /* Build configuration list for PBXNativeTarget "Simpler" */ = {
			isa = XCConfigurationList;
			buildConfigurations = (
				F42ABEE416EFF9DE00133E48 /* Debug */,
				F42ABEE516EFF9DE00133E48 /* Release */,
			);
			defaultConfigurationIsVisible = 0;
			defaultConfigurationName = Release;
		};
		F42ABEE616EFF9DE00133E48 /* Build configuration list for PBXNativeTarget "SimplerTests" */ = {
			isa = XCConfigurationList;
			buildConfigurations = (
				F42ABEE716EFF9DE00133E48 /* Debug */,
				F42ABEE816EFF9DE00133E48 /* Release */,
			);
			defaultConfigurationIsVisible = 0;
			defaultConfigurationName = Release;
		};
/* End XCConfigurationList section */

/* Begin XCVersionGroup section */
		F42ABEC816EFF9DE00133E48 /* Simpler.xcdatamodeld */ = {
			isa = XCVersionGroup;
			children = (
				F42ABF3616F1565400133E48 /* 2.xcdatamodel */,
				F4BC87D616F1854C00456B18 /* 3.xcdatamodel */,
				F4BC87E316F18D7000456B18 /* 4.xcdatamodel */,
				F42ABEC916EFF9DE00133E48 /* Simpler.xcdatamodel */,
			);
			currentVersion = F4BC87E316F18D7000456B18 /* 4.xcdatamodel */;
			path = Simpler.xcdatamodeld;
			sourceTree = "<group>";
			versionGroupType = wrapper.xcdatamodel;
		};
/* End XCVersionGroup section */
	};
	rootObject = F42ABEA316EFF9DE00133E48 /* Project object */;
}
